
Microsoft Visual Studio Solution File, Format Version 12.00
# Visual Studio 15
VisualStudioVersion = 15.0.28307.106
MinimumVisualStudioVersion = 10.0.40219.1
Project("{8BC9CEB8-8B4A-11D0-8D11-00A0C91BC942}") = "greatest_common_divisor", "greatest_common_divisor\greatest_common_divisor.vcxproj", "{DB8F4627-4EB2-4A05-9116-A2A8B1E6557D}"
EndProject
Global
	GlobalSection(SolutionConfigurationPlatforms) = preSolution
		Debug|x64 = Debug|x64
		Debug|x86 = Debug|x86
		Release|x64 = Release|x64
		Release|x86 = Release|x86
	EndGlobalSection
	GlobalSection(ProjectConfigurationPlatforms) = postSolution
		{DB8F4627-4EB2-4A05-9116-A2A8B1E6557D}.Debug|x64.ActiveCfg = Debug|x64
		{DB8F4627-4EB2-4A05-9116-A2A8B1E6557D}.Debug|x64.Build.0 = Debug|x64
		{DB8F4627-4EB2-4A05-9116-A2A8B1E6557D}.Debug|x86.ActiveCfg = Debug|Win32
		{DB8F4627-4EB2-4A05-9116-A2A8B1E6557D}.Debug|x86.Build.0 = Debug|Win32
		{DB8F4627-4EB2-4A05-9116-A2A8B1E6557D}.Release|x64.ActiveCfg = Release|x64
		{DB8F4627-4EB2-4A05-9116-A2A8B1E6557D}.Release|x64.Build.0 = Release|x64
		{DB8F4627-4EB2-4A05-9116-A2A8B1E6557D}.Release|x86.ActiveCfg = Release|Win32
		{DB8F4627-4EB2-4A05-9116-A2A8B1E6557D}.Release|x86.Build.0 = Release|Win32
	EndGlobalSection
	GlobalSection(SolutionProperties) = preSolution
		HideSolutionNode = FALSE
	EndGlobalSection
	GlobalSection(ExtensibilityGlobals) = postSolution
		SolutionGuid = {FB879DEC-9EAD-42BA-A2DA-01B28EED2161}
	EndGlobalSection
EndGlobal
