
Microsoft Visual Studio Solution File, Format Version 12.00
# Visual Studio 15
VisualStudioVersion = 15.0.28307.106
MinimumVisualStudioVersion = 10.0.40219.1
Project("{8BC9CEB8-8B4A-11D0-8D11-00A0C91BC942}") = "multidimentiona_arrays", "multidimentiona_arrays\multidimentiona_arrays.vcxproj", "{7DDE2F15-D8BD-4D7D-9B7C-CBDBB8108C23}"
EndProject
Global
	GlobalSection(SolutionConfigurationPlatforms) = preSolution
		Debug|x64 = Debug|x64
		Debug|x86 = Debug|x86
		Release|x64 = Release|x64
		Release|x86 = Release|x86
	EndGlobalSection
	GlobalSection(ProjectConfigurationPlatforms) = postSolution
		{7DDE2F15-D8BD-4D7D-9B7C-CBDBB8108C23}.Debug|x64.ActiveCfg = Debug|x64
		{7DDE2F15-D8BD-4D7D-9B7C-CBDBB8108C23}.Debug|x64.Build.0 = Debug|x64
		{7DDE2F15-D8BD-4D7D-9B7C-CBDBB8108C23}.Debug|x86.ActiveCfg = Debug|Win32
		{7DDE2F15-D8BD-4D7D-9B7C-CBDBB8108C23}.Debug|x86.Build.0 = Debug|Win32
		{7DDE2F15-D8BD-4D7D-9B7C-CBDBB8108C23}.Release|x64.ActiveCfg = Release|x64
		{7DDE2F15-D8BD-4D7D-9B7C-CBDBB8108C23}.Release|x64.Build.0 = Release|x64
		{7DDE2F15-D8BD-4D7D-9B7C-CBDBB8108C23}.Release|x86.ActiveCfg = Release|Win32
		{7DDE2F15-D8BD-4D7D-9B7C-CBDBB8108C23}.Release|x86.Build.0 = Release|Win32
	EndGlobalSection
	GlobalSection(SolutionProperties) = preSolution
		HideSolutionNode = FALSE
	EndGlobalSection
	GlobalSection(ExtensibilityGlobals) = postSolution
		SolutionGuid = {C668A6B3-409C-40EE-83F5-65C8286AEB3C}
	EndGlobalSection
EndGlobal
