
Microsoft Visual Studio Solution File, Format Version 12.00
# Visual Studio 15
VisualStudioVersion = 15.0.28307.106
MinimumVisualStudioVersion = 10.0.40219.1
Project("{8BC9CEB8-8B4A-11D0-8D11-00A0C91BC942}") = "switch_statement", "switch_statement\switch_statement.vcxproj", "{1559FD4E-1B1E-4B6E-AAA1-C25B127282EB}"
EndProject
Global
	GlobalSection(SolutionConfigurationPlatforms) = preSolution
		Debug|x64 = Debug|x64
		Debug|x86 = Debug|x86
		Release|x64 = Release|x64
		Release|x86 = Release|x86
	EndGlobalSection
	GlobalSection(ProjectConfigurationPlatforms) = postSolution
		{1559FD4E-1B1E-4B6E-AAA1-C25B127282EB}.Debug|x64.ActiveCfg = Debug|x64
		{1559FD4E-1B1E-4B6E-AAA1-C25B127282EB}.Debug|x64.Build.0 = Debug|x64
		{1559FD4E-1B1E-4B6E-AAA1-C25B127282EB}.Debug|x86.ActiveCfg = Debug|Win32
		{1559FD4E-1B1E-4B6E-AAA1-C25B127282EB}.Debug|x86.Build.0 = Debug|Win32
		{1559FD4E-1B1E-4B6E-AAA1-C25B127282EB}.Release|x64.ActiveCfg = Release|x64
		{1559FD4E-1B1E-4B6E-AAA1-C25B127282EB}.Release|x64.Build.0 = Release|x64
		{1559FD4E-1B1E-4B6E-AAA1-C25B127282EB}.Release|x86.ActiveCfg = Release|Win32
		{1559FD4E-1B1E-4B6E-AAA1-C25B127282EB}.Release|x86.Build.0 = Release|Win32
	EndGlobalSection
	GlobalSection(SolutionProperties) = preSolution
		HideSolutionNode = FALSE
	EndGlobalSection
	GlobalSection(ExtensibilityGlobals) = postSolution
		SolutionGuid = {4BC4ED77-F05F-4408-83B0-335B8B658D4B}
	EndGlobalSection
EndGlobal
